
Microsoft Visual Studio Solution File, Format Version 12.00
# Visual Studio Version 18
VisualStudioVersion = 18.3.11520.95 d18.3
MinimumVisualStudioVersion = 10.0.40219.1
Project("{FAE04EC0-301F-11D3-BF4B-00C04F79EFBC}") = "Expanded Clothes", "Expanded Clothes.csproj", "{5D33DCEC-9851-6AFF-6DF3-AD7C97C29C7F}"
EndProject
Global
	GlobalSection(SolutionConfigurationPlatforms) = preSolution
		Debug|Any CPU = Debug|Any CPU
		Mini|Any CPU = Mini|Any CPU
		Release|Any CPU = Release|Any CPU
	EndGlobalSection
	GlobalSection(ProjectConfigurationPlatforms) = postSolution
		{5D33DCEC-9851-6AFF-6DF3-AD7C97C29C7F}.Debug|Any CPU.ActiveCfg = Debug|Any CPU
		{5D33DCEC-9851-6AFF-6DF3-AD7C97C29C7F}.Debug|Any CPU.Build.0 = Debug|Any CPU
		{5D33DCEC-9851-6AFF-6DF3-AD7C97C29C7F}.Mini|Any CPU.ActiveCfg = Mini|Any CPU
		{5D33DCEC-9851-6AFF-6DF3-AD7C97C29C7F}.Mini|Any CPU.Build.0 = Mini|Any CPU
		{5D33DCEC-9851-6AFF-6DF3-AD7C97C29C7F}.Release|Any CPU.ActiveCfg = Release|Any CPU
		{5D33DCEC-9851-6AFF-6DF3-AD7C97C29C7F}.Release|Any CPU.Build.0 = Release|Any CPU
	EndGlobalSection
	GlobalSection(SolutionProperties) = preSolution
		HideSolutionNode = FALSE
	EndGlobalSection
	GlobalSection(ExtensibilityGlobals) = postSolution
		SolutionGuid = {368CE496-F11A-46B9-9ED2-5A1F10349E44}
	EndGlobalSection
EndGlobal
